
Microsoft Visual Studio Solution File, Format Version 12.00
Project("{FAE04EC0-301F-11D3-BF4B-00C04F79EFBC}") = "HangfireDemo.Api", "HangfireDemo.Api\HangfireDemo.Api.csproj", "{CEB6F9CF-F3D7-44FE-9C95-2AF71A330891}"
EndProject
Global
	GlobalSection(SolutionConfigurationPlatforms) = preSolution
		Debug|Any CPU = Debug|Any CPU
		Release|Any CPU = Release|Any CPU
	EndGlobalSection
	GlobalSection(ProjectConfigurationPlatforms) = postSolution
		{CEB6F9CF-F3D7-44FE-9C95-2AF71A330891}.Debug|Any CPU.ActiveCfg = Debug|Any CPU
		{CEB6F9CF-F3D7-44FE-9C95-2AF71A330891}.Debug|Any CPU.Build.0 = Debug|Any CPU
		{CEB6F9CF-F3D7-44FE-9C95-2AF71A330891}.Release|Any CPU.ActiveCfg = Release|Any CPU
		{CEB6F9CF-F3D7-44FE-9C95-2AF71A330891}.Release|Any CPU.Build.0 = Release|Any CPU
	EndGlobalSection
EndGlobal
